
Microsoft Visual Studio Solution File, Format Version 12.00
# Visual Studio Version 16
VisualStudioVersion = 16.0.30611.23
MinimumVisualStudioVersion = 10.0.40219.1
Project("{2150E333-8FDC-42A3-9474-1A3956D46DE8}") = "Core", "Core", "{BE48FA2C-3239-490C-A29A-8F9998FD3337}"
EndProject
Project("{9A19103F-16F7-4668-BE54-9A1E7A4F7556}") = "ConsoleGUI", "ConsoleGUI\ConsoleGUI.csproj", "{BBD3E5F2-0CA1-4EFF-913A-EE15EFAE16E7}"
EndProject
Project("{2150E333-8FDC-42A3-9474-1A3956D46DE8}") = "Abstraction", "Abstraction", "{0F0F9B3D-F820-4130-A0EA-80288628E4CE}"
EndProject
Project("{FAE04EC0-301F-11D3-BF4B-00C04F79EFBC}") = "Abstractions.IoC", "Abstractions\Abstractions.IoC\Abstractions.IoC.csproj", "{DA7C874A-A574-48D1-B6DB-7E35AABE90E7}"
EndProject
Project("{2150E333-8FDC-42A3-9474-1A3956D46DE8}") = "Command", "Command", "{B924102C-1259-43F7-B2CD-927E72B8CC02}"
EndProject
Project("{2150E333-8FDC-42A3-9474-1A3956D46DE8}") = "Option", "Option", "{274AA4E9-7706-4F1F-980E-D25FA2C095DC}"
EndProject
Project("{2150E333-8FDC-42A3-9474-1A3956D46DE8}") = "Argument", "Argument", "{E813350D-9DE7-405E-87D1-E12628F53479}"
EndProject
Project("{FAE04EC0-301F-11D3-BF4B-00C04F79EFBC}") = "Commands", "Core\Command\Commands\Commands.csproj", "{CF665BD7-B2C9-4EAA-96F1-4F2F7B73009C}"
EndProject
Project("{FAE04EC0-301F-11D3-BF4B-00C04F79EFBC}") = "SubCommands", "Core\Command\SubCommands\SubCommands.csproj", "{FEC15B8D-C724-421F-9752-860165C41D97}"
EndProject
Project("{FAE04EC0-301F-11D3-BF4B-00C04F79EFBC}") = "Arguments", "Core\Argument\Arguments\Arguments.csproj", "{E5258051-86D9-4F72-BD14-EFED0403363C}"
EndProject
Project("{FAE04EC0-301F-11D3-BF4B-00C04F79EFBC}") = "Options", "Core\Option\Options\Options.csproj", "{2D84B566-7234-4D37-B9DF-E473EC839515}"
EndProject
Global
	GlobalSection(SolutionConfigurationPlatforms) = preSolution
		Debug|Any CPU = Debug|Any CPU
		Release|Any CPU = Release|Any CPU
	EndGlobalSection
	GlobalSection(ProjectConfigurationPlatforms) = postSolution
		{BBD3E5F2-0CA1-4EFF-913A-EE15EFAE16E7}.Debug|Any CPU.ActiveCfg = Debug|Any CPU
		{BBD3E5F2-0CA1-4EFF-913A-EE15EFAE16E7}.Debug|Any CPU.Build.0 = Debug|Any CPU
		{BBD3E5F2-0CA1-4EFF-913A-EE15EFAE16E7}.Release|Any CPU.ActiveCfg = Release|Any CPU
		{BBD3E5F2-0CA1-4EFF-913A-EE15EFAE16E7}.Release|Any CPU.Build.0 = Release|Any CPU
		{DA7C874A-A574-48D1-B6DB-7E35AABE90E7}.Debug|Any CPU.ActiveCfg = Debug|Any CPU
		{DA7C874A-A574-48D1-B6DB-7E35AABE90E7}.Debug|Any CPU.Build.0 = Debug|Any CPU
		{DA7C874A-A574-48D1-B6DB-7E35AABE90E7}.Release|Any CPU.ActiveCfg = Release|Any CPU
		{DA7C874A-A574-48D1-B6DB-7E35AABE90E7}.Release|Any CPU.Build.0 = Release|Any CPU
		{CF665BD7-B2C9-4EAA-96F1-4F2F7B73009C}.Debug|Any CPU.ActiveCfg = Debug|Any CPU
		{CF665BD7-B2C9-4EAA-96F1-4F2F7B73009C}.Debug|Any CPU.Build.0 = Debug|Any CPU
		{CF665BD7-B2C9-4EAA-96F1-4F2F7B73009C}.Release|Any CPU.ActiveCfg = Release|Any CPU
		{CF665BD7-B2C9-4EAA-96F1-4F2F7B73009C}.Release|Any CPU.Build.0 = Release|Any CPU
		{FEC15B8D-C724-421F-9752-860165C41D97}.Debug|Any CPU.ActiveCfg = Debug|Any CPU
		{FEC15B8D-C724-421F-9752-860165C41D97}.Debug|Any CPU.Build.0 = Debug|Any CPU
		{FEC15B8D-C724-421F-9752-860165C41D97}.Release|Any CPU.ActiveCfg = Release|Any CPU
		{FEC15B8D-C724-421F-9752-860165C41D97}.Release|Any CPU.Build.0 = Release|Any CPU
		{E5258051-86D9-4F72-BD14-EFED0403363C}.Debug|Any CPU.ActiveCfg = Debug|Any CPU
		{E5258051-86D9-4F72-BD14-EFED0403363C}.Debug|Any CPU.Build.0 = Debug|Any CPU
		{E5258051-86D9-4F72-BD14-EFED0403363C}.Release|Any CPU.ActiveCfg = Release|Any CPU
		{E5258051-86D9-4F72-BD14-EFED0403363C}.Release|Any CPU.Build.0 = Release|Any CPU
		{2D84B566-7234-4D37-B9DF-E473EC839515}.Debug|Any CPU.ActiveCfg = Debug|Any CPU
		{2D84B566-7234-4D37-B9DF-E473EC839515}.Debug|Any CPU.Build.0 = Debug|Any CPU
		{2D84B566-7234-4D37-B9DF-E473EC839515}.Release|Any CPU.ActiveCfg = Release|Any CPU
		{2D84B566-7234-4D37-B9DF-E473EC839515}.Release|Any CPU.Build.0 = Release|Any CPU
	EndGlobalSection
	GlobalSection(SolutionProperties) = preSolution
		HideSolutionNode = FALSE
	EndGlobalSection
	GlobalSection(NestedProjects) = preSolution
		{DA7C874A-A574-48D1-B6DB-7E35AABE90E7} = {0F0F9B3D-F820-4130-A0EA-80288628E4CE}
		{B924102C-1259-43F7-B2CD-927E72B8CC02} = {BE48FA2C-3239-490C-A29A-8F9998FD3337}
		{274AA4E9-7706-4F1F-980E-D25FA2C095DC} = {BE48FA2C-3239-490C-A29A-8F9998FD3337}
		{E813350D-9DE7-405E-87D1-E12628F53479} = {BE48FA2C-3239-490C-A29A-8F9998FD3337}
		{CF665BD7-B2C9-4EAA-96F1-4F2F7B73009C} = {B924102C-1259-43F7-B2CD-927E72B8CC02}
		{FEC15B8D-C724-421F-9752-860165C41D97} = {B924102C-1259-43F7-B2CD-927E72B8CC02}
		{E5258051-86D9-4F72-BD14-EFED0403363C} = {E813350D-9DE7-405E-87D1-E12628F53479}
		{2D84B566-7234-4D37-B9DF-E473EC839515} = {274AA4E9-7706-4F1F-980E-D25FA2C095DC}
	EndGlobalSection
	GlobalSection(ExtensibilityGlobals) = postSolution
		SolutionGuid = {25F1468F-703B-4C5F-925D-35D29CF00E02}
	EndGlobalSection
EndGlobal
